
Microsoft Visual Studio Solution File, Format Version 12.00
# Visual Studio Version 16
VisualStudioVersion = 16.0.28803.156
MinimumVisualStudioVersion = 10.0.40219.1
Project("{FAE04EC0-301F-11D3-BF4B-00C04F79EFBC}") = "MicroKnights.Enumerations", "src\MicroKnights.Enumerations.csproj", "{29939965-0E3B-4D63-BDA9-3CE157FCE1D6}"
EndProject
Global
	GlobalSection(SolutionConfigurationPlatforms) = preSolution
		Debug|Any CPU = Debug|Any CPU
		Release|Any CPU = Release|Any CPU
	EndGlobalSection
	GlobalSection(ProjectConfigurationPlatforms) = postSolution
		{29939965-0E3B-4D63-BDA9-3CE157FCE1D6}.Debug|Any CPU.ActiveCfg = Debug|Any CPU
		{29939965-0E3B-4D63-BDA9-3CE157FCE1D6}.Debug|Any CPU.Build.0 = Debug|Any CPU
		{29939965-0E3B-4D63-BDA9-3CE157FCE1D6}.Release|Any CPU.ActiveCfg = Release|Any CPU
		{29939965-0E3B-4D63-BDA9-3CE157FCE1D6}.Release|Any CPU.Build.0 = Release|Any CPU
	EndGlobalSection
	GlobalSection(SolutionProperties) = preSolution
		HideSolutionNode = FALSE
	EndGlobalSection
	GlobalSection(ExtensibilityGlobals) = postSolution
		SolutionGuid = {FB8A61AD-08F0-4CA9-8B88-5C0054E27D77}
	EndGlobalSection
EndGlobal
